// !$*UTF8*$!
{
	archiveVersion = 1;
	classes = {
	};
	objectVersion = 46;
	objects = {

/* Begin PBXBuildFile section */
		0AAA2BBD14D7F4D3009D20D8 /* UIKit.framework in Frameworks */ = {isa = PBXBuildFile; fileRef = 0AAA2BBC14D7F4D3009D20D8 /* UIKit.framework */; };
		0AAA2BBF14D7F4D3009D20D8 /* Foundation.framework in Frameworks */ = {isa = PBXBuildFile; fileRef = 0AAA2BBE14D7F4D3009D20D8 /* Foundation.framework */; };
		0AAA2BC114D7F4D3009D20D8 /* CoreGraphics.framework in Frameworks */ = {isa = PBXBuildFile; fileRef = 0AAA2BC014D7F4D3009D20D8 /* CoreGraphics.framework */; };
		0AAA2BC714D7F4D3009D20D8 /* InfoPlist.strings in Resources */ = {isa = PBXBuildFile; fileRef = 0AAA2BC514D7F4D3009D20D8 /* InfoPlist.strings */; };
		0AAA2BC914D7F4D3009D20D8 /* main.m in Sources */ = {isa = PBXBuildFile; fileRef = 0AAA2BC814D7F4D3009D20D8 /* main.m */; };
		0AAA2BCD14D7F4D3009D20D8 /* AppDelegate.m in Sources */ = {isa = PBXBuildFile; fileRef = 0AAA2BCC14D7F4D3009D20D8 /* AppDelegate.m */; };
		0AAA2BD014D7F4D3009D20D8 /* ViewController.m in Sources */ = {isa = PBXBuildFile; fileRef = 0AAA2BCF14D7F4D3009D20D8 /* ViewController.m */; };
		0AAA2BD314D7F4D3009D20D8 /* ViewController.xib in Resources */ = {isa = PBXBuildFile; fileRef = 0AAA2BD114D7F4D3009D20D8 /* ViewController.xib */; };
		0AAA2BDA14D7F4E8009D20D8 /* cat.mp4 in Resources */ = {isa = PBXBuildFile; fileRef = 0AAA2BD914D7F4E8009D20D8 /* cat.mp4 */; };
		0AAA2BDC14D7FAF1009D20D8 /* MediaPlayer.framework in Frameworks */ = {isa = PBXBuildFile; fileRef = 0AAA2BDB14D7FAF1009D20D8 /* MediaPlayer.framework */; };
		0AAA2BDE14D801A0009D20D8 /* catmov.mov in Resources */ = {isa = PBXBuildFile; fileRef = 0AAA2BDD14D801A0009D20D8 /* catmov.mov */; };
/* End PBXBuildFile section */

/* Begin PBXFileReference section */
		0AAA2BB814D7F4D3009D20D8 /* VideoPlay.app */ = {isa = PBXFileReference; explicitFileType = wrapper.application; includeInIndex = 0; path = VideoPlay.app; sourceTree = BUILT_PRODUCTS_DIR; };
		0AAA2BBC14D7F4D3009D20D8 /* UIKit.framework */ = {isa = PBXFileReference; lastKnownFileType = wrapper.framework; name = UIKit.framework; path = System/Library/Frameworks/UIKit.framework; sourceTree = SDKROOT; };
		0AAA2BBE14D7F4D3009D20D8 /* Foundation.framework */ = {isa = PBXFileReference; lastKnownFileType = wrapper.framework; name = Foundation.framework; path = System/Library/Frameworks/Foundation.framework; sourceTree = SDKROOT; };
		0AAA2BC014D7F4D3009D20D8 /* CoreGraphics.framework */ = {isa = PBXFileReference; lastKnownFileType = wrapper.framework; name = CoreGraphics.framework; path = System/Library/Frameworks/CoreGraphics.framework; sourceTree = SDKROOT; };
		0AAA2BC414D7F4D3009D20D8 /* VideoPlay-Info.plist */ = {isa = PBXFileReference; lastKnownFileType = text.plist.xml; path = "VideoPlay-Info.plist"; sourceTree = "<group>"; };
		0AAA2BC614D7F4D3009D20D8 /* en */ = {isa = PBXFileReference; lastKnownFileType = text.plist.strings; name = en; path = en.lproj/InfoPlist.strings; sourceTree = "<group>"; };
		0AAA2BC814D7F4D3009D20D8 /* main.m */ = {isa = PBXFileReference; lastKnownFileType = sourcecode.c.objc; path = main.m; sourceTree = "<group>"; };
		0AAA2BCA14D7F4D3009D20D8 /* VideoPlay-Prefix.pch */ = {isa = PBXFileReference; lastKnownFileType = sourcecode.c.h; path = "VideoPlay-Prefix.pch"; sourceTree = "<group>"; };
		0AAA2BCB14D7F4D3009D20D8 /* AppDelegate.h */ = {isa = PBXFileReference; lastKnownFileType = sourcecode.c.h; path = AppDelegate.h; sourceTree = "<group>"; };
		0AAA2BCC14D7F4D3009D20D8 /* AppDelegate.m */ = {isa = PBXFileReference; lastKnownFileType = sourcecode.c.objc; path = AppDelegate.m; sourceTree = "<group>"; };
		0AAA2BCE14D7F4D3009D20D8 /* ViewController.h */ = {isa = PBXFileReference; lastKnownFileType = sourcecode.c.h; path = ViewController.h; sourceTree = "<group>"; };
		0AAA2BCF14D7F4D3009D20D8 /* ViewController.m */ = {isa = PBXFileReference; lastKnownFileType = sourcecode.c.objc; path = ViewController.m; sourceTree = "<group>"; };
		0AAA2BD214D7F4D3009D20D8 /* en */ = {isa = PBXFileReference; lastKnownFileType = file.xib; name = en; path = en.lproj/ViewController.xib; sourceTree = "<group>"; };
		0AAA2BD914D7F4E8009D20D8 /* cat.mp4 */ = {isa = PBXFileReference; lastKnownFileType = file; path = cat.mp4; sourceTree = "<group>"; };
		0AAA2BDB14D7FAF1009D20D8 /* MediaPlayer.framework */ = {isa = PBXFileReference; lastKnownFileType = wrapper.framework; name = MediaPlayer.framework; path = System/Library/Frameworks/MediaPlayer.framework; sourceTree = SDKROOT; };
		0AAA2BDD14D801A0009D20D8 /* catmov.mov */ = {isa = PBXFileReference; lastKnownFileType = video.quicktime; path = catmov.mov; sourceTree = "<group>"; };
/* End PBXFileReference section */

/* Begin PBXFrameworksBuildPhase section */
		0AAA2BB514D7F4D3009D20D8 /* Frameworks */ = {
			isa = PBXFrameworksBuildPhase;
			buildActionMask = 2147483647;
			files = (
				0AAA2BDC14D7FAF1009D20D8 /* MediaPlayer.framework in Frameworks */,
				0AAA2BBD14D7F4D3009D20D8 /* UIKit.framework in Frameworks */,
				0AAA2BBF14D7F4D3009D20D8 /* Foundation.framework in Frameworks */,
				0AAA2BC114D7F4D3009D20D8 /* CoreGraphics.framework in Frameworks */,
			);
			runOnlyForDeploymentPostprocessing = 0;
		};
/* End PBXFrameworksBuildPhase section */

/* Begin PBXGroup section */
		0AAA2BAD14D7F4D3009D20D8 = {
			isa = PBXGroup;
			children = (
				0AAA2BC214D7F4D3009D20D8 /* VideoPlay */,
				0AAA2BBB14D7F4D3009D20D8 /* Frameworks */,
				0AAA2BB914D7F4D3009D20D8 /* Products */,
			);
			sourceTree = "<group>";
		};
		0AAA2BB914D7F4D3009D20D8 /* Products */ = {
			isa = PBXGroup;
			children = (
				0AAA2BB814D7F4D3009D20D8 /* VideoPlay.app */,
			);
			name = Products;
			sourceTree = "<group>";
		};
		0AAA2BBB14D7F4D3009D20D8 /* Frameworks */ = {
			isa = PBXGroup;
			children = (
				0AAA2BDB14D7FAF1009D20D8 /* MediaPlayer.framework */,
				0AAA2BBC14D7F4D3009D20D8 /* UIKit.framework */,
				0AAA2BBE14D7F4D3009D20D8 /* Foundation.framework */,
				0AAA2BC014D7F4D3009D20D8 /* CoreGraphics.framework */,
			);
			name = Frameworks;
			sourceTree = "<group>";
		};
		0AAA2BC214D7F4D3009D20D8 /* VideoPlay */ = {
			isa = PBXGroup;
			children = (
				0AAA2BCB14D7F4D3009D20D8 /* AppDelegate.h */,
				0AAA2BCC14D7F4D3009D20D8 /* AppDelegate.m */,
				0AAA2BCE14D7F4D3009D20D8 /* ViewController.h */,
				0AAA2BCF14D7F4D3009D20D8 /* ViewController.m */,
				0AAA2BD114D7F4D3009D20D8 /* ViewController.xib */,
				0AAA2BC314D7F4D3009D20D8 /* Supporting Files */,
			);
			path = VideoPlay;
			sourceTree = "<group>";
		};
		0AAA2BC314D7F4D3009D20D8 /* Supporting Files */ = {
			isa = PBXGroup;
			children = (
				0AAA2BDD14D801A0009D20D8 /* catmov.mov */,
				0AAA2BD914D7F4E8009D20D8 /* cat.mp4 */,
				0AAA2BC414D7F4D3009D20D8 /* VideoPlay-Info.plist */,
				0AAA2BC514D7F4D3009D20D8 /* InfoPlist.strings */,
				0AAA2BC814D7F4D3009D20D8 /* main.m */,
				0AAA2BCA14D7F4D3009D20D8 /* VideoPlay-Prefix.pch */,
			);
			name = "Supporting Files";
			sourceTree = "<group>";
		};
/* End PBXGroup section */

/* Begin PBXNativeTarget section */
		0AAA2BB714D7F4D3009D20D8 /* VideoPlay */ = {
			isa = PBXNativeTarget;
			buildConfigurationList = 0AAA2BD614D7F4D3009D20D8 /* Build configuration list for PBXNativeTarget "VideoPlay" */;
			buildPhases = (
				0AAA2BB414D7F4D3009D20D8 /* Sources */,
				0AAA2BB514D7F4D3009D20D8 /* Frameworks */,
				0AAA2BB614D7F4D3009D20D8 /* Resources */,
			);
			buildRules = (
			);
			dependencies = (
			);
			name = VideoPlay;
			productName = VideoPlay;
			productReference = 0AAA2BB814D7F4D3009D20D8 /* VideoPlay.app */;
			productType = "com.apple.product-type.application";
		};
/* End PBXNativeTarget section */

/* Begin PBXProject section */
		0AAA2BAF14D7F4D3009D20D8 /* Project object */ = {
			isa = PBXProject;
			attributes = {
				LastUpgradeCheck = 0420;
				ORGANIZATIONNAME = FH;
			};
			buildConfigurationList = 0AAA2BB214D7F4D3009D20D8 /* Build configuration list for PBXProject "VideoPlay" */;
			compatibilityVersion = "Xcode 3.2";
			developmentRegion = English;
			hasScannedForEncodings = 0;
			knownRegions = (
				en,
			);
			mainGroup = 0AAA2BAD14D7F4D3009D20D8;
			productRefGroup = 0AAA2BB914D7F4D3009D20D8 /* Products */;
			projectDirPath = "";
			projectRoot = "";
			targets = (
				0AAA2BB714D7F4D3009D20D8 /* VideoPlay */,
			);
		};
/* End PBXProject section */

/* Begin PBXResourcesBuildPhase section */
		0AAA2BB614D7F4D3009D20D8 /* Resources */ = {
			isa = PBXResourcesBuildPhase;
			buildActionMask = 2147483647;
			files = (
				0AAA2BC714D7F4D3009D20D8 /* InfoPlist.strings in Resources */,
				0AAA2BD314D7F4D3009D20D8 /* ViewController.xib in Resources */,
				0AAA2BDA14D7F4E8009D20D8 /* cat.mp4 in Resources */,
				0AAA2BDE14D801A0009D20D8 /* catmov.mov in Resources */,
			);
			runOnlyForDeploymentPostprocessing = 0;
		};
/* End PBXResourcesBuildPhase section */

/* Begin PBXSourcesBuildPhase section */
		0AAA2BB414D7F4D3009D20D8 /* Sources */ = {
			isa = PBXSourcesBuildPhase;
			buildActionMask = 2147483647;
			files = (
				0AAA2BC914D7F4D3009D20D8 /* main.m in Sources */,
				0AAA2BCD14D7F4D3009D20D8 /* AppDelegate.m in Sources */,
				0AAA2BD014D7F4D3009D20D8 /* ViewController.m in Sources */,
			);
			runOnlyForDeploymentPostprocessing = 0;
		};
/* End PBXSourcesBuildPhase section */

/* Begin PBXVariantGroup section */
		0AAA2BC514D7F4D3009D20D8 /* InfoPlist.strings */ = {
			isa = PBXVariantGroup;
			children = (
				0AAA2BC614D7F4D3009D20D8 /* en */,
			);
			name = InfoPlist.strings;
			sourceTree = "<group>";
		};
		0AAA2BD114D7F4D3009D20D8 /* ViewController.xib */ = {
			isa = PBXVariantGroup;
			children = (
				0AAA2BD214D7F4D3009D20D8 /* en */,
			);
			name = ViewController.xib;
			sourceTree = "<group>";
		};
/* End PBXVariantGroup section */

/* Begin XCBuildConfiguration section */
		0AAA2BD414D7F4D3009D20D8 /* Debug */ = {
			isa = XCBuildConfiguration;
			buildSettings = {
				ALWAYS_SEARCH_USER_PATHS = NO;
				ARCHS = "$(ARCHS_STANDARD_32_BIT)";
				"CODE_SIGN_IDENTITY[sdk=iphoneos*]" = "iPhone Developer";
				COPY_PHASE_STRIP = NO;
				GCC_C_LANGUAGE_STANDARD = gnu99;
				GCC_DYNAMIC_NO_PIC = NO;
				GCC_OPTIMIZATION_LEVEL = 0;
				GCC_PREPROCESSOR_DEFINITIONS = (
					"DEBUG=1",
					"$(inherited)",
				);
				GCC_SYMBOLS_PRIVATE_EXTERN = NO;
				GCC_VERSION = com.apple.compilers.llvm.clang.1_0;
				GCC_WARN_ABOUT_MISSING_PROTOTYPES = YES;
				GCC_WARN_ABOUT_RETURN_TYPE = YES;
				GCC_WARN_UNUSED_VARIABLE = YES;
				IPHONEOS_DEPLOYMENT_TARGET = 5.0;
				SDKROOT = iphoneos;
			};
			name = Debug;
		};
		0AAA2BD514D7F4D3009D20D8 /* Release */ = {
			isa = XCBuildConfiguration;
			buildSettings = {
				ALWAYS_SEARCH_USER_PATHS = NO;
				ARCHS = "$(ARCHS_STANDARD_32_BIT)";
				"CODE_SIGN_IDENTITY[sdk=iphoneos*]" = "iPhone Developer";
				COPY_PHASE_STRIP = YES;
				GCC_C_LANGUAGE_STANDARD = gnu99;
				GCC_VERSION = com.apple.compilers.llvm.clang.1_0;
				GCC_WARN_ABOUT_MISSING_PROTOTYPES = YES;
				GCC_WARN_ABOUT_RETURN_TYPE = YES;
				GCC_WARN_UNUSED_VARIABLE = YES;
				IPHONEOS_DEPLOYMENT_TARGET = 5.0;
				OTHER_CFLAGS = "-DNS_BLOCK_ASSERTIONS=1";
				SDKROOT = iphoneos;
				VALIDATE_PRODUCT = YES;
			};
			name = Release;
		};
		0AAA2BD714D7F4D3009D20D8 /* Debug */ = {
			isa = XCBuildConfiguration;
			buildSettings = {
				GCC_PRECOMPILE_PREFIX_HEADER = YES;
				GCC_PREFIX_HEADER = "VideoPlay/VideoPlay-Prefix.pch";
				INFOPLIST_FILE = "VideoPlay/VideoPlay-Info.plist";
				PRODUCT_NAME = "$(TARGET_NAME)";
				WRAPPER_EXTENSION = app;
			};
			name = Debug;
		};
		0AAA2BD814D7F4D3009D20D8 /* Release */ = {
			isa = XCBuildConfiguration;
			buildSettings = {
				GCC_PRECOMPILE_PREFIX_HEADER = YES;
				GCC_PREFIX_HEADER = "VideoPlay/VideoPlay-Prefix.pch";
				INFOPLIST_FILE = "VideoPlay/VideoPlay-Info.plist";
				PRODUCT_NAME = "$(TARGET_NAME)";
				WRAPPER_EXTENSION = app;
			};
			name = Release;
		};
/* End XCBuildConfiguration section */

/* Begin XCConfigurationList section */
		0AAA2BB214D7F4D3009D20D8 /* Build configuration list for PBXProject "VideoPlay" */ = {
			isa = XCConfigurationList;
			buildConfigurations = (
				0AAA2BD414D7F4D3009D20D8 /* Debug */,
				0AAA2BD514D7F4D3009D20D8 /* Release */,
			);
			defaultConfigurationIsVisible = 0;
			defaultConfigurationName = Release;
		};
		0AAA2BD614D7F4D3009D20D8 /* Build configuration list for PBXNativeTarget "VideoPlay" */ = {
			isa = XCConfigurationList;
			buildConfigurations = (
				0AAA2BD714D7F4D3009D20D8 /* Debug */,
				0AAA2BD814D7F4D3009D20D8 /* Release */,
			);
			defaultConfigurationIsVisible = 0;
		};
/* End XCConfigurationList section */
	};
	rootObject = 0AAA2BAF14D7F4D3009D20D8 /* Project object */;
}
